
Microsoft Visual Studio Solution File, Format Version 12.00
# Visual Studio 15
VisualStudioVersion = 15.0.28010.2026
MinimumVisualStudioVersion = 10.0.40219.1
Project("{FAE04EC0-301F-11D3-BF4B-00C04F79EFBC}") = "CECS_475_Lab3", "CECS_475_Lab3\CECS_475_Lab3.csproj", "{309221AB-2D14-40EF-A3B6-0EF15B1E1BDD}"
EndProject
Global
	GlobalSection(SolutionConfigurationPlatforms) = preSolution
		Debug|Any CPU = Debug|Any CPU
		Release|Any CPU = Release|Any CPU
	EndGlobalSection
	GlobalSection(ProjectConfigurationPlatforms) = postSolution
		{309221AB-2D14-40EF-A3B6-0EF15B1E1BDD}.Debug|Any CPU.ActiveCfg = Debug|Any CPU
		{309221AB-2D14-40EF-A3B6-0EF15B1E1BDD}.Debug|Any CPU.Build.0 = Debug|Any CPU
		{309221AB-2D14-40EF-A3B6-0EF15B1E1BDD}.Release|Any CPU.ActiveCfg = Release|Any CPU
		{309221AB-2D14-40EF-A3B6-0EF15B1E1BDD}.Release|Any CPU.Build.0 = Release|Any CPU
	EndGlobalSection
	GlobalSection(SolutionProperties) = preSolution
		HideSolutionNode = FALSE
	EndGlobalSection
	GlobalSection(ExtensibilityGlobals) = postSolution
		SolutionGuid = {3FCB0126-2465-4BC6-956C-2E2F25F281E7}
	EndGlobalSection
EndGlobal
